
Microsoft Visual Studio Solution File, Format Version 12.00
# Visual Studio Version 17
VisualStudioVersion = 17.11.35222.181
MinimumVisualStudioVersion = 10.0.40219.1
Project("{FAE04EC0-301F-11D3-BF4B-00C04F79EFBC}") = "C#_basics_1", "C#_basics_1\C#_basics_1.csproj", "{B129416B-6181-4B71-A43E-051903B2615A}"
EndProject
Global
	GlobalSection(SolutionConfigurationPlatforms) = preSolution
		Debug|Any CPU = Debug|Any CPU
		Release|Any CPU = Release|Any CPU
	EndGlobalSection
	GlobalSection(ProjectConfigurationPlatforms) = postSolution
		{B129416B-6181-4B71-A43E-051903B2615A}.Debug|Any CPU.ActiveCfg = Debug|Any CPU
		{B129416B-6181-4B71-A43E-051903B2615A}.Debug|Any CPU.Build.0 = Debug|Any CPU
		{B129416B-6181-4B71-A43E-051903B2615A}.Release|Any CPU.ActiveCfg = Release|Any CPU
		{B129416B-6181-4B71-A43E-051903B2615A}.Release|Any CPU.Build.0 = Release|Any CPU
	EndGlobalSection
	GlobalSection(SolutionProperties) = preSolution
		HideSolutionNode = FALSE
	EndGlobalSection
	GlobalSection(ExtensibilityGlobals) = postSolution
		SolutionGuid = {D33ACEDF-E849-4460-9BD8-65E77DC526BB}
	EndGlobalSection
EndGlobal
